// !$*UTF8*$!
{
	archiveVersion = 1;
	classes = {
	};
	objectVersion = 56;
	objects = {

/* Begin PBXBuildFile section */
		762CF1E02981968F00099999 /* String+match.swift in Sources */ = {isa = PBXBuildFile; fileRef = 762CF1DF2981968F00099999 /* String+match.swift */; };
		762CF1E42981DE6100099999 /* Device.swift in Sources */ = {isa = PBXBuildFile; fileRef = 762CF1E32981DE6100099999 /* Device.swift */; };
		7630B25E2984339100D8B57D /* MenuItemType.swift in Sources */ = {isa = PBXBuildFile; fileRef = 7630B25D2984339100D8B57D /* MenuItemType.swift */; };
		7645D4BE2982A1B100019227 /* DeviceService.swift in Sources */ = {isa = PBXBuildFile; fileRef = 7645D4BD2982A1B100019227 /* DeviceService.swift */; };
		7645D4C22982CA9600019227 /* AppDelegate.swift in Sources */ = {isa = PBXBuildFile; fileRef = 7645D4C12982CA9600019227 /* AppDelegate.swift */; };
		7645D4C42982CB2B00019227 /* MiniSim.swift in Sources */ = {isa = PBXBuildFile; fileRef = 7645D4C32982CB2B00019227 /* MiniSim.swift */; };
		7645D5012982E6FA00019227 /* main.swift in Sources */ = {isa = PBXBuildFile; fileRef = 7645D5002982E6FA00019227 /* main.swift */; };
		7645D5032983186100019227 /* NSMenuItem+ImageInit.swift in Sources */ = {isa = PBXBuildFile; fileRef = 7645D5022983186100019227 /* NSMenuItem+ImageInit.swift */; };
		7645D50629831B8200019227 /* HotKey in Frameworks */ = {isa = PBXBuildFile; productRef = 7645D50529831B8200019227 /* HotKey */; };
		766BD2382981628C0042261B /* Assets.xcassets in Resources */ = {isa = PBXBuildFile; fileRef = 766BD2372981628C0042261B /* Assets.xcassets */; };
		766BD23B2981628C0042261B /* Preview Assets.xcassets in Resources */ = {isa = PBXBuildFile; fileRef = 766BD23A2981628C0042261B /* Preview Assets.xcassets */; };
/* End PBXBuildFile section */

/* Begin PBXFileReference section */
		762CF1DF2981968F00099999 /* String+match.swift */ = {isa = PBXFileReference; lastKnownFileType = sourcecode.swift; path = "String+match.swift"; sourceTree = "<group>"; };
		762CF1E32981DE6100099999 /* Device.swift */ = {isa = PBXFileReference; lastKnownFileType = sourcecode.swift; path = Device.swift; sourceTree = "<group>"; };
		7630B25D2984339100D8B57D /* MenuItemType.swift */ = {isa = PBXFileReference; lastKnownFileType = sourcecode.swift; path = MenuItemType.swift; sourceTree = "<group>"; };
		7645D4BD2982A1B100019227 /* DeviceService.swift */ = {isa = PBXFileReference; lastKnownFileType = sourcecode.swift; path = DeviceService.swift; sourceTree = "<group>"; };
		7645D4C12982CA9600019227 /* AppDelegate.swift */ = {isa = PBXFileReference; lastKnownFileType = sourcecode.swift; path = AppDelegate.swift; sourceTree = "<group>"; };
		7645D4C32982CB2B00019227 /* MiniSim.swift */ = {isa = PBXFileReference; lastKnownFileType = sourcecode.swift; path = MiniSim.swift; sourceTree = "<group>"; };
		7645D5002982E6FA00019227 /* main.swift */ = {isa = PBXFileReference; lastKnownFileType = sourcecode.swift; path = main.swift; sourceTree = "<group>"; };
		7645D5022983186100019227 /* NSMenuItem+ImageInit.swift */ = {isa = PBXFileReference; lastKnownFileType = sourcecode.swift; path = "NSMenuItem+ImageInit.swift"; sourceTree = "<group>"; };
		766BD2302981628A0042261B /* MiniSim.app */ = {isa = PBXFileReference; explicitFileType = wrapper.application; includeInIndex = 0; path = MiniSim.app; sourceTree = BUILT_PRODUCTS_DIR; };
		766BD2372981628C0042261B /* Assets.xcassets */ = {isa = PBXFileReference; lastKnownFileType = folder.assetcatalog; path = Assets.xcassets; sourceTree = "<group>"; };
		766BD23A2981628C0042261B /* Preview Assets.xcassets */ = {isa = PBXFileReference; lastKnownFileType = folder.assetcatalog; path = "Preview Assets.xcassets"; sourceTree = "<group>"; };
		766BD23C2981628C0042261B /* MiniSim.entitlements */ = {isa = PBXFileReference; lastKnownFileType = text.plist.entitlements; path = MiniSim.entitlements; sourceTree = "<group>"; };
/* End PBXFileReference section */

/* Begin PBXFrameworksBuildPhase section */
		766BD22D2981628A0042261B /* Frameworks */ = {
			isa = PBXFrameworksBuildPhase;
			buildActionMask = 2147483647;
			files = (
				7645D50629831B8200019227 /* HotKey in Frameworks */,
			);
			runOnlyForDeploymentPostprocessing = 0;
		};
/* End PBXFrameworksBuildPhase section */

/* Begin PBXGroup section */
		762CF1E12981DDD400099999 /* Extensions */ = {
			isa = PBXGroup;
			children = (
				762CF1DF2981968F00099999 /* String+match.swift */,
				7645D5022983186100019227 /* NSMenuItem+ImageInit.swift */,
			);
			path = Extensions;
			sourceTree = "<group>";
		};
		762CF1E22981DE5400099999 /* Model */ = {
			isa = PBXGroup;
			children = (
				762CF1E32981DE6100099999 /* Device.swift */,
			);
			path = Model;
			sourceTree = "<group>";
		};
		7645D4BC2982800D00019227 /* Service */ = {
			isa = PBXGroup;
			children = (
				7645D4BD2982A1B100019227 /* DeviceService.swift */,
			);
			path = Service;
			sourceTree = "<group>";
		};
		7645D4C02982CA8B00019227 /* MenuBar */ = {
			isa = PBXGroup;
			children = (
				7645D4C32982CB2B00019227 /* MiniSim.swift */,
			);
			path = MenuBar;
			sourceTree = "<group>";
		};
		766BD2272981628A0042261B = {
			isa = PBXGroup;
			children = (
				766BD2322981628A0042261B /* MiniSim */,
				766BD2312981628A0042261B /* Products */,
			);
			sourceTree = "<group>";
		};
		766BD2312981628A0042261B /* Products */ = {
			isa = PBXGroup;
			children = (
				766BD2302981628A0042261B /* MiniSim.app */,
			);
			name = Products;
			sourceTree = "<group>";
		};
		766BD2322981628A0042261B /* MiniSim */ = {
			isa = PBXGroup;
			children = (
				7645D4C02982CA8B00019227 /* MenuBar */,
				762CF1E12981DDD400099999 /* Extensions */,
				7645D4BC2982800D00019227 /* Service */,
				762CF1E22981DE5400099999 /* Model */,
				7645D4C12982CA9600019227 /* AppDelegate.swift */,
				7645D5002982E6FA00019227 /* main.swift */,
				766BD2372981628C0042261B /* Assets.xcassets */,
				766BD23C2981628C0042261B /* MiniSim.entitlements */,
				766BD2392981628C0042261B /* Preview Content */,
				7630B25D2984339100D8B57D /* MenuItemType.swift */,
			);
			path = MiniSim;
			sourceTree = "<group>";
		};
		766BD2392981628C0042261B /* Preview Content */ = {
			isa = PBXGroup;
			children = (
				766BD23A2981628C0042261B /* Preview Assets.xcassets */,
			);
			path = "Preview Content";
			sourceTree = "<group>";
		};
/* End PBXGroup section */

/* Begin PBXNativeTarget section */
		766BD22F2981628A0042261B /* MiniSim */ = {
			isa = PBXNativeTarget;
			buildConfigurationList = 766BD23F2981628C0042261B /* Build configuration list for PBXNativeTarget "MiniSim" */;
			buildPhases = (
				766BD22C2981628A0042261B /* Sources */,
				766BD22D2981628A0042261B /* Frameworks */,
				766BD22E2981628A0042261B /* Resources */,
			);
			buildRules = (
			);
			dependencies = (
			);
			name = MiniSim;
			packageProductDependencies = (
				7645D50529831B8200019227 /* HotKey */,
			);
			productName = MiniSim;
			productReference = 766BD2302981628A0042261B /* MiniSim.app */;
			productType = "com.apple.product-type.application";
		};
/* End PBXNativeTarget section */

/* Begin PBXProject section */
		766BD2282981628A0042261B /* Project object */ = {
			isa = PBXProject;
			attributes = {
				BuildIndependentTargetsInParallel = 1;
				LastSwiftUpdateCheck = 1400;
				LastUpgradeCheck = 1420;
				TargetAttributes = {
					766BD22F2981628A0042261B = {
						CreatedOnToolsVersion = 14.0.1;
					};
				};
			};
			buildConfigurationList = 766BD22B2981628A0042261B /* Build configuration list for PBXProject "MiniSim" */;
			compatibilityVersion = "Xcode 14.0";
			developmentRegion = en;
			hasScannedForEncodings = 0;
			knownRegions = (
				en,
				Base,
			);
			mainGroup = 766BD2272981628A0042261B;
			packageReferences = (
				7645D50429831B8200019227 /* XCRemoteSwiftPackageReference "HotKey" */,
			);
			productRefGroup = 766BD2312981628A0042261B /* Products */;
			projectDirPath = "";
			projectRoot = "";
			targets = (
				766BD22F2981628A0042261B /* MiniSim */,
			);
		};
/* End PBXProject section */

/* Begin PBXResourcesBuildPhase section */
		766BD22E2981628A0042261B /* Resources */ = {
			isa = PBXResourcesBuildPhase;
			buildActionMask = 2147483647;
			files = (
				766BD23B2981628C0042261B /* Preview Assets.xcassets in Resources */,
				766BD2382981628C0042261B /* Assets.xcassets in Resources */,
			);
			runOnlyForDeploymentPostprocessing = 0;
		};
/* End PBXResourcesBuildPhase section */

/* Begin PBXSourcesBuildPhase section */
		766BD22C2981628A0042261B /* Sources */ = {
			isa = PBXSourcesBuildPhase;
			buildActionMask = 2147483647;
			files = (
				7645D4C22982CA9600019227 /* AppDelegate.swift in Sources */,
				7645D4C42982CB2B00019227 /* MiniSim.swift in Sources */,
				7630B25E2984339100D8B57D /* MenuItemType.swift in Sources */,
				7645D5012982E6FA00019227 /* main.swift in Sources */,
				762CF1E02981968F00099999 /* String+match.swift in Sources */,
				762CF1E42981DE6100099999 /* Device.swift in Sources */,
				7645D5032983186100019227 /* NSMenuItem+ImageInit.swift in Sources */,
				7645D4BE2982A1B100019227 /* DeviceService.swift in Sources */,
			);
			runOnlyForDeploymentPostprocessing = 0;
		};
/* End PBXSourcesBuildPhase section */

/* Begin XCBuildConfiguration section */
		766BD23D2981628C0042261B /* Debug */ = {
			isa = XCBuildConfiguration;
			buildSettings = {
				ALWAYS_SEARCH_USER_PATHS = NO;
				CLANG_ANALYZER_NONNULL = YES;
				CLANG_ANALYZER_NUMBER_OBJECT_CONVERSION = YES_AGGRESSIVE;
				CLANG_CXX_LANGUAGE_STANDARD = "gnu++20";
				CLANG_ENABLE_MODULES = YES;
				CLANG_ENABLE_OBJC_ARC = YES;
				CLANG_ENABLE_OBJC_WEAK = YES;
				CLANG_WARN_BLOCK_CAPTURE_AUTORELEASING = YES;
				CLANG_WARN_BOOL_CONVERSION = YES;
				CLANG_WARN_COMMA = YES;
				CLANG_WARN_CONSTANT_CONVERSION = YES;
				CLANG_WARN_DEPRECATED_OBJC_IMPLEMENTATIONS = YES;
				CLANG_WARN_DIRECT_OBJC_ISA_USAGE = YES_ERROR;
				CLANG_WARN_DOCUMENTATION_COMMENTS = YES;
				CLANG_WARN_EMPTY_BODY = YES;
				CLANG_WARN_ENUM_CONVERSION = YES;
				CLANG_WARN_INFINITE_RECURSION = YES;
				CLANG_WARN_INT_CONVERSION = YES;
				CLANG_WARN_NON_LITERAL_NULL_CONVERSION = YES;
				CLANG_WARN_OBJC_IMPLICIT_RETAIN_SELF = YES;
				CLANG_WARN_OBJC_LITERAL_CONVERSION = YES;
				CLANG_WARN_OBJC_ROOT_CLASS = YES_ERROR;
				CLANG_WARN_QUOTED_INCLUDE_IN_FRAMEWORK_HEADER = YES;
				CLANG_WARN_RANGE_LOOP_ANALYSIS = YES;
				CLANG_WARN_STRICT_PROTOTYPES = YES;
				CLANG_WARN_SUSPICIOUS_MOVE = YES;
				CLANG_WARN_UNGUARDED_AVAILABILITY = YES_AGGRESSIVE;
				CLANG_WARN_UNREACHABLE_CODE = YES;
				CLANG_WARN__DUPLICATE_METHOD_MATCH = YES;
				COPY_PHASE_STRIP = NO;
				DEAD_CODE_STRIPPING = YES;
				DEBUG_INFORMATION_FORMAT = dwarf;
				ENABLE_STRICT_OBJC_MSGSEND = YES;
				ENABLE_TESTABILITY = YES;
				GCC_C_LANGUAGE_STANDARD = gnu11;
				GCC_DYNAMIC_NO_PIC = NO;
				GCC_NO_COMMON_BLOCKS = YES;
				GCC_OPTIMIZATION_LEVEL = 0;
				GCC_PREPROCESSOR_DEFINITIONS = (
					"DEBUG=1",
					"$(inherited)",
				);
				GCC_WARN_64_TO_32_BIT_CONVERSION = YES;
				GCC_WARN_ABOUT_RETURN_TYPE = YES_ERROR;
				GCC_WARN_UNDECLARED_SELECTOR = YES;
				GCC_WARN_UNINITIALIZED_AUTOS = YES_AGGRESSIVE;
				GCC_WARN_UNUSED_FUNCTION = YES;
				GCC_WARN_UNUSED_VARIABLE = YES;
				MACOSX_DEPLOYMENT_TARGET = 11.0;
				MTL_ENABLE_DEBUG_INFO = INCLUDE_SOURCE;
				MTL_FAST_MATH = YES;
				ONLY_ACTIVE_ARCH = YES;
				SDKROOT = macosx;
				SWIFT_ACTIVE_COMPILATION_CONDITIONS = DEBUG;
				SWIFT_OPTIMIZATION_LEVEL = "-Onone";
			};
			name = Debug;
		};
		766BD23E2981628C0042261B /* Release */ = {
			isa = XCBuildConfiguration;
			buildSettings = {
				ALWAYS_SEARCH_USER_PATHS = NO;
				CLANG_ANALYZER_NONNULL = YES;
				CLANG_ANALYZER_NUMBER_OBJECT_CONVERSION = YES_AGGRESSIVE;
				CLANG_CXX_LANGUAGE_STANDARD = "gnu++20";
				CLANG_ENABLE_MODULES = YES;
				CLANG_ENABLE_OBJC_ARC = YES;
				CLANG_ENABLE_OBJC_WEAK = YES;
				CLANG_WARN_BLOCK_CAPTURE_AUTORELEASING = YES;
				CLANG_WARN_BOOL_CONVERSION = YES;
				CLANG_WARN_COMMA = YES;
				CLANG_WARN_CONSTANT_CONVERSION = YES;
				CLANG_WARN_DEPRECATED_OBJC_IMPLEMENTATIONS = YES;
				CLANG_WARN_DIRECT_OBJC_ISA_USAGE = YES_ERROR;
				CLANG_WARN_DOCUMENTATION_COMMENTS = YES;
				CLANG_WARN_EMPTY_BODY = YES;
				CLANG_WARN_ENUM_CONVERSION = YES;
				CLANG_WARN_INFINITE_RECURSION = YES;
				CLANG_WARN_INT_CONVERSION = YES;
				CLANG_WARN_NON_LITERAL_NULL_CONVERSION = YES;
				CLANG_WARN_OBJC_IMPLICIT_RETAIN_SELF = YES;
				CLANG_WARN_OBJC_LITERAL_CONVERSION = YES;
				CLANG_WARN_OBJC_ROOT_CLASS = YES_ERROR;
				CLANG_WARN_QUOTED_INCLUDE_IN_FRAMEWORK_HEADER = YES;
				CLANG_WARN_RANGE_LOOP_ANALYSIS = YES;
				CLANG_WARN_STRICT_PROTOTYPES = YES;
				CLANG_WARN_SUSPICIOUS_MOVE = YES;
				CLANG_WARN_UNGUARDED_AVAILABILITY = YES_AGGRESSIVE;
				CLANG_WARN_UNREACHABLE_CODE = YES;
				CLANG_WARN__DUPLICATE_METHOD_MATCH = YES;
				COPY_PHASE_STRIP = NO;
				DEAD_CODE_STRIPPING = YES;
				DEBUG_INFORMATION_FORMAT = "dwarf-with-dsym";
				ENABLE_NS_ASSERTIONS = NO;
				ENABLE_STRICT_OBJC_MSGSEND = YES;
				GCC_C_LANGUAGE_STANDARD = gnu11;
				GCC_NO_COMMON_BLOCKS = YES;
				GCC_WARN_64_TO_32_BIT_CONVERSION = YES;
				GCC_WARN_ABOUT_RETURN_TYPE = YES_ERROR;
				GCC_WARN_UNDECLARED_SELECTOR = YES;
				GCC_WARN_UNINITIALIZED_AUTOS = YES_AGGRESSIVE;
				GCC_WARN_UNUSED_FUNCTION = YES;
				GCC_WARN_UNUSED_VARIABLE = YES;
				MACOSX_DEPLOYMENT_TARGET = 11.0;
				MTL_ENABLE_DEBUG_INFO = NO;
				MTL_FAST_MATH = YES;
				SDKROOT = macosx;
				SWIFT_COMPILATION_MODE = wholemodule;
				SWIFT_OPTIMIZATION_LEVEL = "-O";
			};
			name = Release;
		};
		766BD2402981628C0042261B /* Debug */ = {
			isa = XCBuildConfiguration;
			buildSettings = {
				ASSETCATALOG_COMPILER_APPICON_NAME = AppIcon;
				ASSETCATALOG_COMPILER_GLOBAL_ACCENT_COLOR_NAME = AccentColor;
				CODE_SIGN_ENTITLEMENTS = MiniSim/MiniSim.entitlements;
				CODE_SIGN_IDENTITY = "-";
				CODE_SIGN_STYLE = Automatic;
				COMBINE_HIDPI_IMAGES = YES;
				CURRENT_PROJECT_VERSION = 1;
				DEAD_CODE_STRIPPING = YES;
				DEVELOPMENT_ASSET_PATHS = "\"MiniSim/Preview Content\"";
				DEVELOPMENT_TEAM = "";
				ENABLE_HARDENED_RUNTIME = YES;
				ENABLE_PREVIEWS = YES;
				GENERATE_INFOPLIST_FILE = YES;
				INFOPLIST_KEY_CFBundleDisplayName = MiniSim;
				INFOPLIST_KEY_LSApplicationCategoryType = "public.app-category.developer-tools";
				INFOPLIST_KEY_LSUIElement = YES;
				INFOPLIST_KEY_NSHumanReadableCopyright = "";
				LD_RUNPATH_SEARCH_PATHS = (
					"$(inherited)",
					"@executable_path/../Frameworks",
				);
				MACOSX_DEPLOYMENT_TARGET = 11.0;
				MARKETING_VERSION = 1.0;
				PRODUCT_BUNDLE_IDENTIFIER = com.oskarkwasniewski.MiniSim;
				PRODUCT_NAME = "$(TARGET_NAME)";
				SWIFT_EMIT_LOC_STRINGS = YES;
				SWIFT_VERSION = 5.0;
			};
			name = Debug;
		};
		766BD2412981628C0042261B /* Release */ = {
			isa = XCBuildConfiguration;
			buildSettings = {
				ASSETCATALOG_COMPILER_APPICON_NAME = AppIcon;
				ASSETCATALOG_COMPILER_GLOBAL_ACCENT_COLOR_NAME = AccentColor;
				CODE_SIGN_ENTITLEMENTS = MiniSim/MiniSim.entitlements;
				CODE_SIGN_IDENTITY = "-";
				CODE_SIGN_STYLE = Automatic;
				COMBINE_HIDPI_IMAGES = YES;
				CURRENT_PROJECT_VERSION = 1;
				DEAD_CODE_STRIPPING = YES;
				DEVELOPMENT_ASSET_PATHS = "\"MiniSim/Preview Content\"";
				DEVELOPMENT_TEAM = "";
				ENABLE_HARDENED_RUNTIME = YES;
				ENABLE_PREVIEWS = YES;
				GENERATE_INFOPLIST_FILE = YES;
				INFOPLIST_KEY_CFBundleDisplayName = MiniSim;
				INFOPLIST_KEY_LSApplicationCategoryType = "public.app-category.developer-tools";
				INFOPLIST_KEY_LSUIElement = YES;
				INFOPLIST_KEY_NSHumanReadableCopyright = "";
				LD_RUNPATH_SEARCH_PATHS = (
					"$(inherited)",
					"@executable_path/../Frameworks",
				);
				MACOSX_DEPLOYMENT_TARGET = 11.0;
				MARKETING_VERSION = 1.0;
				PRODUCT_BUNDLE_IDENTIFIER = com.oskarkwasniewski.MiniSim;
				PRODUCT_NAME = "$(TARGET_NAME)";
				SWIFT_EMIT_LOC_STRINGS = YES;
				SWIFT_VERSION = 5.0;
			};
			name = Release;
		};
/* End XCBuildConfiguration section */

/* Begin XCConfigurationList section */
		766BD22B2981628A0042261B /* Build configuration list for PBXProject "MiniSim" */ = {
			isa = XCConfigurationList;
			buildConfigurations = (
				766BD23D2981628C0042261B /* Debug */,
				766BD23E2981628C0042261B /* Release */,
			);
			defaultConfigurationIsVisible = 0;
			defaultConfigurationName = Release;
		};
		766BD23F2981628C0042261B /* Build configuration list for PBXNativeTarget "MiniSim" */ = {
			isa = XCConfigurationList;
			buildConfigurations = (
				766BD2402981628C0042261B /* Debug */,
				766BD2412981628C0042261B /* Release */,
			);
			defaultConfigurationIsVisible = 0;
			defaultConfigurationName = Release;
		};
/* End XCConfigurationList section */

/* Begin XCRemoteSwiftPackageReference section */
		7645D50429831B8200019227 /* XCRemoteSwiftPackageReference "HotKey" */ = {
			isa = XCRemoteSwiftPackageReference;
			repositoryURL = "https://github.com/soffes/HotKey";
			requirement = {
				branch = master;
				kind = branch;
			};
		};
/* End XCRemoteSwiftPackageReference section */

/* Begin XCSwiftPackageProductDependency section */
		7645D50529831B8200019227 /* HotKey */ = {
			isa = XCSwiftPackageProductDependency;
			package = 7645D50429831B8200019227 /* XCRemoteSwiftPackageReference "HotKey" */;
			productName = HotKey;
		};
/* End XCSwiftPackageProductDependency section */
	};
	rootObject = 766BD2282981628A0042261B /* Project object */;
}
