// !$*UTF8*$!
{
	archiveVersion = 1;
	classes = {
	};
	objectVersion = 56;
	objects = {

/* Begin PBXBuildFile section */
		7625140B2992B46D0060A225 /* Pasteboard+utils.swift in Sources */ = {isa = PBXBuildFile; fileRef = 7625140A2992B46D0060A225 /* Pasteboard+utils.swift */; };
		762CF1E02981968F00099999 /* String+match.swift in Sources */ = {isa = PBXBuildFile; fileRef = 762CF1DF2981968F00099999 /* String+match.swift */; };
		762CF1E42981DE6100099999 /* Device.swift in Sources */ = {isa = PBXBuildFile; fileRef = 762CF1E32981DE6100099999 /* Device.swift */; };
		7630B25E2984339100D8B57D /* MenuSections.swift in Sources */ = {isa = PBXBuildFile; fileRef = 7630B25D2984339100D8B57D /* MenuSections.swift */; };
		7630B26129853EF400D8B57D /* Preferences in Frameworks */ = {isa = PBXBuildFile; productRef = 7630B26029853EF400D8B57D /* Preferences */; };
		7630B2662985C44A00D8B57D /* Preferences.swift in Sources */ = {isa = PBXBuildFile; fileRef = 7630B2652985C44A00D8B57D /* Preferences.swift */; };
		7630B2682985C4CF00D8B57D /* About.swift in Sources */ = {isa = PBXBuildFile; fileRef = 7630B2672985C4CF00D8B57D /* About.swift */; };
		7630B26B2986B4D500D8B57D /* KeyboardShortcuts in Frameworks */ = {isa = PBXBuildFile; productRef = 7630B26A2986B4D500D8B57D /* KeyboardShortcuts */; };
		7630B26D2986B4FD00D8B57D /* KeyboardShortcuts.swift in Sources */ = {isa = PBXBuildFile; fileRef = 7630B26C2986B4FD00D8B57D /* KeyboardShortcuts.swift */; };
		7630B2702986C0F200D8B57D /* LaunchAtLogin in Frameworks */ = {isa = PBXBuildFile; productRef = 7630B26F2986C0F200D8B57D /* LaunchAtLogin */; };
		7630B2732986C68000D8B57D /* PaneIdentifier.swift in Sources */ = {isa = PBXBuildFile; fileRef = 7630B2722986C68000D8B57D /* PaneIdentifier.swift */; };
		7630B2752986D52900D8B57D /* NSAlert+showError.swift in Sources */ = {isa = PBXBuildFile; fileRef = 7630B2742986D52900D8B57D /* NSAlert+showError.swift */; };
		7630B2772986D65800D8B57D /* Bundle+appName.swift in Sources */ = {isa = PBXBuildFile; fileRef = 7630B2762986D65800D8B57D /* Bundle+appName.swift */; };
		7630B27C2987207200D8B57D /* Menu.swift in Sources */ = {isa = PBXBuildFile; fileRef = 7630B27B2987207200D8B57D /* Menu.swift */; };
		7645D4BE2982A1B100019227 /* DeviceService.swift in Sources */ = {isa = PBXBuildFile; fileRef = 7645D4BD2982A1B100019227 /* DeviceService.swift */; };
		7645D4C22982CA9600019227 /* AppDelegate.swift in Sources */ = {isa = PBXBuildFile; fileRef = 7645D4C12982CA9600019227 /* AppDelegate.swift */; };
		7645D4C42982CB2B00019227 /* MiniSim.swift in Sources */ = {isa = PBXBuildFile; fileRef = 7645D4C32982CB2B00019227 /* MiniSim.swift */; };
		7645D5012982E6FA00019227 /* main.swift in Sources */ = {isa = PBXBuildFile; fileRef = 7645D5002982E6FA00019227 /* main.swift */; };
		7645D5032983186100019227 /* NSMenuItem+ImageInit.swift in Sources */ = {isa = PBXBuildFile; fileRef = 7645D5022983186100019227 /* NSMenuItem+ImageInit.swift */; };
		766BD2382981628C0042261B /* Assets.xcassets in Resources */ = {isa = PBXBuildFile; fileRef = 766BD2372981628C0042261B /* Assets.xcassets */; };
		766BD23B2981628C0042261B /* Preview Assets.xcassets in Resources */ = {isa = PBXBuildFile; fileRef = 766BD23A2981628C0042261B /* Preview Assets.xcassets */; };
		76730BB9298C1DF80019C680 /* DeviceMenuItem.swift in Sources */ = {isa = PBXBuildFile; fileRef = 76730BB8298C1DF80019C680 /* DeviceMenuItem.swift */; };
		767C761F29B26ED3009B9AEC /* AccessibilityElement.swift in Sources */ = {isa = PBXBuildFile; fileRef = 767C761E29B26ED3009B9AEC /* AccessibilityElement.swift */; };
		768F8EC829954C8A00DFBCDB /* Sparkle in Frameworks */ = {isa = PBXBuildFile; productRef = 768F8EC729954C8A00DFBCDB /* Sparkle */; };
		76D305722994155C005C373B /* IOSSubMenuItem.swift in Sources */ = {isa = PBXBuildFile; fileRef = 76D305712994155C005C373B /* IOSSubMenuItem.swift */; };
		76F04A11298A5AE000BF9CA3 /* ADB.swift in Sources */ = {isa = PBXBuildFile; fileRef = 76F04A10298A5AE000BF9CA3 /* ADB.swift */; };
		76F04A14298A62CF00BF9CA3 /* ShellOut in Frameworks */ = {isa = PBXBuildFile; productRef = 76F04A13298A62CF00BF9CA3 /* ShellOut */; };
		76F2A912299033EA002D4EF6 /* DeviceError.swift in Sources */ = {isa = PBXBuildFile; fileRef = 76F2A911299033EA002D4EF6 /* DeviceError.swift */; };
		76F2A914299050F9002D4EF6 /* UserDefaults+Configuration.swift in Sources */ = {isa = PBXBuildFile; fileRef = 76F2A913299050F9002D4EF6 /* UserDefaults+Configuration.swift */; };
		76F2A9172991B7B6002D4EF6 /* ViewModifiers.swift in Sources */ = {isa = PBXBuildFile; fileRef = 76F2A9162991B7B6002D4EF6 /* ViewModifiers.swift */; };
		76F2A91929924242002D4EF6 /* AndroidSubMenuItem.swift in Sources */ = {isa = PBXBuildFile; fileRef = 76F2A91829924242002D4EF6 /* AndroidSubMenuItem.swift */; };
		76FCABAB29B390D5003BBF9A /* Collection+get.swift in Sources */ = {isa = PBXBuildFile; fileRef = 76FCABAA29B390D5003BBF9A /* Collection+get.swift */; };
/* End PBXBuildFile section */

/* Begin PBXFileReference section */
		7625140A2992B46D0060A225 /* Pasteboard+utils.swift */ = {isa = PBXFileReference; lastKnownFileType = sourcecode.swift; path = "Pasteboard+utils.swift"; sourceTree = "<group>"; };
		762CF1DF2981968F00099999 /* String+match.swift */ = {isa = PBXFileReference; lastKnownFileType = sourcecode.swift; path = "String+match.swift"; sourceTree = "<group>"; };
		762CF1E32981DE6100099999 /* Device.swift */ = {isa = PBXFileReference; lastKnownFileType = sourcecode.swift; path = Device.swift; sourceTree = "<group>"; };
		7630B25D2984339100D8B57D /* MenuSections.swift */ = {isa = PBXFileReference; lastKnownFileType = sourcecode.swift; path = MenuSections.swift; sourceTree = "<group>"; };
		7630B2652985C44A00D8B57D /* Preferences.swift */ = {isa = PBXFileReference; lastKnownFileType = sourcecode.swift; path = Preferences.swift; sourceTree = "<group>"; };
		7630B2672985C4CF00D8B57D /* About.swift */ = {isa = PBXFileReference; lastKnownFileType = sourcecode.swift; path = About.swift; sourceTree = "<group>"; };
		7630B26C2986B4FD00D8B57D /* KeyboardShortcuts.swift */ = {isa = PBXFileReference; lastKnownFileType = sourcecode.swift; path = KeyboardShortcuts.swift; sourceTree = "<group>"; };
		7630B2722986C68000D8B57D /* PaneIdentifier.swift */ = {isa = PBXFileReference; lastKnownFileType = sourcecode.swift; path = PaneIdentifier.swift; sourceTree = "<group>"; };
		7630B2742986D52900D8B57D /* NSAlert+showError.swift */ = {isa = PBXFileReference; lastKnownFileType = sourcecode.swift; path = "NSAlert+showError.swift"; sourceTree = "<group>"; };
		7630B2762986D65800D8B57D /* Bundle+appName.swift */ = {isa = PBXFileReference; lastKnownFileType = sourcecode.swift; path = "Bundle+appName.swift"; sourceTree = "<group>"; };
		7630B27B2987207200D8B57D /* Menu.swift */ = {isa = PBXFileReference; lastKnownFileType = sourcecode.swift; path = Menu.swift; sourceTree = "<group>"; };
		7645D4BD2982A1B100019227 /* DeviceService.swift */ = {isa = PBXFileReference; lastKnownFileType = sourcecode.swift; path = DeviceService.swift; sourceTree = "<group>"; };
		7645D4C12982CA9600019227 /* AppDelegate.swift */ = {isa = PBXFileReference; lastKnownFileType = sourcecode.swift; path = AppDelegate.swift; sourceTree = "<group>"; };
		7645D4C32982CB2B00019227 /* MiniSim.swift */ = {isa = PBXFileReference; lastKnownFileType = sourcecode.swift; path = MiniSim.swift; sourceTree = "<group>"; };
		7645D5002982E6FA00019227 /* main.swift */ = {isa = PBXFileReference; lastKnownFileType = sourcecode.swift; path = main.swift; sourceTree = "<group>"; };
		7645D5022983186100019227 /* NSMenuItem+ImageInit.swift */ = {isa = PBXFileReference; lastKnownFileType = sourcecode.swift; path = "NSMenuItem+ImageInit.swift"; sourceTree = "<group>"; };
		766BD2302981628A0042261B /* MiniSim.app */ = {isa = PBXFileReference; explicitFileType = wrapper.application; includeInIndex = 0; path = MiniSim.app; sourceTree = BUILT_PRODUCTS_DIR; };
		766BD2372981628C0042261B /* Assets.xcassets */ = {isa = PBXFileReference; lastKnownFileType = folder.assetcatalog; path = Assets.xcassets; sourceTree = "<group>"; };
		766BD23A2981628C0042261B /* Preview Assets.xcassets */ = {isa = PBXFileReference; lastKnownFileType = folder.assetcatalog; path = "Preview Assets.xcassets"; sourceTree = "<group>"; };
		766BD23C2981628C0042261B /* MiniSim.entitlements */ = {isa = PBXFileReference; lastKnownFileType = text.plist.entitlements; path = MiniSim.entitlements; sourceTree = "<group>"; };
		76730BB8298C1DF80019C680 /* DeviceMenuItem.swift */ = {isa = PBXFileReference; lastKnownFileType = sourcecode.swift; path = DeviceMenuItem.swift; sourceTree = "<group>"; };
		767C761E29B26ED3009B9AEC /* AccessibilityElement.swift */ = {isa = PBXFileReference; lastKnownFileType = sourcecode.swift; path = AccessibilityElement.swift; sourceTree = "<group>"; };
		768F8ECC2995575B00DFBCDB /* Info.plist */ = {isa = PBXFileReference; lastKnownFileType = text.plist; path = Info.plist; sourceTree = "<group>"; };
		76D305712994155C005C373B /* IOSSubMenuItem.swift */ = {isa = PBXFileReference; lastKnownFileType = sourcecode.swift; path = IOSSubMenuItem.swift; sourceTree = "<group>"; };
		76F04A10298A5AE000BF9CA3 /* ADB.swift */ = {isa = PBXFileReference; lastKnownFileType = sourcecode.swift; path = ADB.swift; sourceTree = "<group>"; };
		76F2A911299033EA002D4EF6 /* DeviceError.swift */ = {isa = PBXFileReference; lastKnownFileType = sourcecode.swift; path = DeviceError.swift; sourceTree = "<group>"; };
		76F2A913299050F9002D4EF6 /* UserDefaults+Configuration.swift */ = {isa = PBXFileReference; lastKnownFileType = sourcecode.swift; path = "UserDefaults+Configuration.swift"; sourceTree = "<group>"; };
		76F2A9162991B7B6002D4EF6 /* ViewModifiers.swift */ = {isa = PBXFileReference; lastKnownFileType = sourcecode.swift; path = ViewModifiers.swift; sourceTree = "<group>"; };
		76F2A91829924242002D4EF6 /* AndroidSubMenuItem.swift */ = {isa = PBXFileReference; lastKnownFileType = sourcecode.swift; path = AndroidSubMenuItem.swift; sourceTree = "<group>"; };
		76FCABAA29B390D5003BBF9A /* Collection+get.swift */ = {isa = PBXFileReference; lastKnownFileType = sourcecode.swift; path = "Collection+get.swift"; sourceTree = "<group>"; };
/* End PBXFileReference section */

/* Begin PBXFrameworksBuildPhase section */
		766BD22D2981628A0042261B /* Frameworks */ = {
			isa = PBXFrameworksBuildPhase;
			buildActionMask = 2147483647;
			files = (
				768F8EC829954C8A00DFBCDB /* Sparkle in Frameworks */,
				76F04A14298A62CF00BF9CA3 /* ShellOut in Frameworks */,
				7630B2702986C0F200D8B57D /* LaunchAtLogin in Frameworks */,
				7630B26129853EF400D8B57D /* Preferences in Frameworks */,
				7630B26B2986B4D500D8B57D /* KeyboardShortcuts in Frameworks */,
			);
			runOnlyForDeploymentPostprocessing = 0;
		};
/* End PBXFrameworksBuildPhase section */

/* Begin PBXGroup section */
		762CF1E12981DDD400099999 /* Extensions */ = {
			isa = PBXGroup;
			children = (
				762CF1DF2981968F00099999 /* String+match.swift */,
				7645D5022983186100019227 /* NSMenuItem+ImageInit.swift */,
				7630B26C2986B4FD00D8B57D /* KeyboardShortcuts.swift */,
				7630B2722986C68000D8B57D /* PaneIdentifier.swift */,
				7630B2742986D52900D8B57D /* NSAlert+showError.swift */,
				7630B2762986D65800D8B57D /* Bundle+appName.swift */,
				76F2A913299050F9002D4EF6 /* UserDefaults+Configuration.swift */,
				7625140A2992B46D0060A225 /* Pasteboard+utils.swift */,
				76FCABAA29B390D5003BBF9A /* Collection+get.swift */,
			);
			path = Extensions;
			sourceTree = "<group>";
		};
		762CF1E22981DE5400099999 /* Model */ = {
			isa = PBXGroup;
			children = (
				762CF1E32981DE6100099999 /* Device.swift */,
			);
			path = Model;
			sourceTree = "<group>";
		};
		7630B2642985C43300D8B57D /* Views */ = {
			isa = PBXGroup;
			children = (
				76F2A9162991B7B6002D4EF6 /* ViewModifiers.swift */,
				7630B2652985C44A00D8B57D /* Preferences.swift */,
				7630B2672985C4CF00D8B57D /* About.swift */,
			);
			path = Views;
			sourceTree = "<group>";
		};
		7645D4BC2982800D00019227 /* Service */ = {
			isa = PBXGroup;
			children = (
				7645D4BD2982A1B100019227 /* DeviceService.swift */,
				76F04A10298A5AE000BF9CA3 /* ADB.swift */,
				76F2A911299033EA002D4EF6 /* DeviceError.swift */,
			);
			path = Service;
			sourceTree = "<group>";
		};
		766BD2272981628A0042261B = {
			isa = PBXGroup;
			children = (
				766BD2322981628A0042261B /* MiniSim */,
				766BD2312981628A0042261B /* Products */,
			);
			sourceTree = "<group>";
		};
		766BD2312981628A0042261B /* Products */ = {
			isa = PBXGroup;
			children = (
				766BD2302981628A0042261B /* MiniSim.app */,
			);
			name = Products;
			sourceTree = "<group>";
		};
		766BD2322981628A0042261B /* MiniSim */ = {
			isa = PBXGroup;
			children = (
				768F8ECC2995575B00DFBCDB /* Info.plist */,
				76E5FAD1299BEBD2007987E0 /* MenuItems */,
				7630B2642985C43300D8B57D /* Views */,
				762CF1E12981DDD400099999 /* Extensions */,
				7645D4BC2982800D00019227 /* Service */,
				762CF1E22981DE5400099999 /* Model */,
				7645D4C12982CA9600019227 /* AppDelegate.swift */,
				767C761E29B26ED3009B9AEC /* AccessibilityElement.swift */,
				7630B27B2987207200D8B57D /* Menu.swift */,
				7645D4C32982CB2B00019227 /* MiniSim.swift */,
				7645D5002982E6FA00019227 /* main.swift */,
				766BD2372981628C0042261B /* Assets.xcassets */,
				766BD23C2981628C0042261B /* MiniSim.entitlements */,
				766BD2392981628C0042261B /* Preview Content */,
			);
			path = MiniSim;
			sourceTree = "<group>";
		};
		766BD2392981628C0042261B /* Preview Content */ = {
			isa = PBXGroup;
			children = (
				766BD23A2981628C0042261B /* Preview Assets.xcassets */,
			);
			path = "Preview Content";
			sourceTree = "<group>";
		};
		76E5FAD1299BEBD2007987E0 /* MenuItems */ = {
			isa = PBXGroup;
			children = (
				76730BB8298C1DF80019C680 /* DeviceMenuItem.swift */,
				7630B25D2984339100D8B57D /* MenuSections.swift */,
				76D305712994155C005C373B /* IOSSubMenuItem.swift */,
				76F2A91829924242002D4EF6 /* AndroidSubMenuItem.swift */,
			);
			path = MenuItems;
			sourceTree = "<group>";
		};
/* End PBXGroup section */

/* Begin PBXNativeTarget section */
		766BD22F2981628A0042261B /* MiniSim */ = {
			isa = PBXNativeTarget;
			buildConfigurationList = 766BD23F2981628C0042261B /* Build configuration list for PBXNativeTarget "MiniSim" */;
			buildPhases = (
				766BD22C2981628A0042261B /* Sources */,
				766BD22D2981628A0042261B /* Frameworks */,
				766BD22E2981628A0042261B /* Resources */,
				7630B2712986C10400D8B57D /* Copy “Launch at Login Helper” */,
			);
			buildRules = (
			);
			dependencies = (
			);
			name = MiniSim;
			packageProductDependencies = (
				7630B26029853EF400D8B57D /* Preferences */,
				7630B26A2986B4D500D8B57D /* KeyboardShortcuts */,
				7630B26F2986C0F200D8B57D /* LaunchAtLogin */,
				76F04A13298A62CF00BF9CA3 /* ShellOut */,
				768F8EC729954C8A00DFBCDB /* Sparkle */,
			);
			productName = MiniSim;
			productReference = 766BD2302981628A0042261B /* MiniSim.app */;
			productType = "com.apple.product-type.application";
		};
/* End PBXNativeTarget section */

/* Begin PBXProject section */
		766BD2282981628A0042261B /* Project object */ = {
			isa = PBXProject;
			attributes = {
				BuildIndependentTargetsInParallel = 1;
				LastSwiftUpdateCheck = 1400;
				LastUpgradeCheck = 1420;
				TargetAttributes = {
					766BD22F2981628A0042261B = {
						CreatedOnToolsVersion = 14.0.1;
					};
				};
			};
			buildConfigurationList = 766BD22B2981628A0042261B /* Build configuration list for PBXProject "MiniSim" */;
			compatibilityVersion = "Xcode 14.0";
			developmentRegion = en;
			hasScannedForEncodings = 0;
			knownRegions = (
				en,
				Base,
			);
			mainGroup = 766BD2272981628A0042261B;
			packageReferences = (
				7630B25F29853EF400D8B57D /* XCRemoteSwiftPackageReference "Preferences" */,
				7630B2692986B4D500D8B57D /* XCRemoteSwiftPackageReference "KeyboardShortcuts" */,
				7630B26E2986C0F200D8B57D /* XCRemoteSwiftPackageReference "LaunchAtLogin" */,
				76F04A12298A62CF00BF9CA3 /* XCRemoteSwiftPackageReference "ShellOut" */,
				768F8EC629954C8A00DFBCDB /* XCRemoteSwiftPackageReference "Sparkle" */,
			);
			productRefGroup = 766BD2312981628A0042261B /* Products */;
			projectDirPath = "";
			projectRoot = "";
			targets = (
				766BD22F2981628A0042261B /* MiniSim */,
			);
		};
/* End PBXProject section */

/* Begin PBXResourcesBuildPhase section */
		766BD22E2981628A0042261B /* Resources */ = {
			isa = PBXResourcesBuildPhase;
			buildActionMask = 2147483647;
			files = (
				766BD23B2981628C0042261B /* Preview Assets.xcassets in Resources */,
				766BD2382981628C0042261B /* Assets.xcassets in Resources */,
			);
			runOnlyForDeploymentPostprocessing = 0;
		};
/* End PBXResourcesBuildPhase section */

/* Begin PBXShellScriptBuildPhase section */
		7630B2712986C10400D8B57D /* Copy “Launch at Login Helper” */ = {
			isa = PBXShellScriptBuildPhase;
			alwaysOutOfDate = 1;
			buildActionMask = 2147483647;
			files = (
			);
			inputFileListPaths = (
			);
			inputPaths = (
			);
			name = "Copy “Launch at Login Helper”";
			outputFileListPaths = (
			);
			outputPaths = (
			);
			runOnlyForDeploymentPostprocessing = 0;
			shellPath = /bin/sh;
			shellScript = "\"${BUILT_PRODUCTS_DIR}/LaunchAtLogin_LaunchAtLogin.bundle/Contents/Resources/copy-helper-swiftpm.sh\"\n";
		};
/* End PBXShellScriptBuildPhase section */

/* Begin PBXSourcesBuildPhase section */
		766BD22C2981628A0042261B /* Sources */ = {
			isa = PBXSourcesBuildPhase;
			buildActionMask = 2147483647;
			files = (
				7645D4C22982CA9600019227 /* AppDelegate.swift in Sources */,
				76F04A11298A5AE000BF9CA3 /* ADB.swift in Sources */,
				76730BB9298C1DF80019C680 /* DeviceMenuItem.swift in Sources */,
				76D305722994155C005C373B /* IOSSubMenuItem.swift in Sources */,
				7645D4C42982CB2B00019227 /* MiniSim.swift in Sources */,
				76F2A912299033EA002D4EF6 /* DeviceError.swift in Sources */,
				7630B2682985C4CF00D8B57D /* About.swift in Sources */,
				767C761F29B26ED3009B9AEC /* AccessibilityElement.swift in Sources */,
				7630B2732986C68000D8B57D /* PaneIdentifier.swift in Sources */,
				7630B2662985C44A00D8B57D /* Preferences.swift in Sources */,
				7625140B2992B46D0060A225 /* Pasteboard+utils.swift in Sources */,
				76FCABAB29B390D5003BBF9A /* Collection+get.swift in Sources */,
				7630B2752986D52900D8B57D /* NSAlert+showError.swift in Sources */,
				7630B25E2984339100D8B57D /* MenuSections.swift in Sources */,
				7645D5012982E6FA00019227 /* main.swift in Sources */,
				76F2A914299050F9002D4EF6 /* UserDefaults+Configuration.swift in Sources */,
				7630B2772986D65800D8B57D /* Bundle+appName.swift in Sources */,
				7630B27C2987207200D8B57D /* Menu.swift in Sources */,
				762CF1E02981968F00099999 /* String+match.swift in Sources */,
				76F2A9172991B7B6002D4EF6 /* ViewModifiers.swift in Sources */,
				762CF1E42981DE6100099999 /* Device.swift in Sources */,
				7645D5032983186100019227 /* NSMenuItem+ImageInit.swift in Sources */,
				76F2A91929924242002D4EF6 /* AndroidSubMenuItem.swift in Sources */,
				7630B26D2986B4FD00D8B57D /* KeyboardShortcuts.swift in Sources */,
				7645D4BE2982A1B100019227 /* DeviceService.swift in Sources */,
			);
			runOnlyForDeploymentPostprocessing = 0;
		};
/* End PBXSourcesBuildPhase section */

/* Begin XCBuildConfiguration section */
		766BD23D2981628C0042261B /* Debug */ = {
			isa = XCBuildConfiguration;
			buildSettings = {
				ALWAYS_SEARCH_USER_PATHS = NO;
				CLANG_ANALYZER_NONNULL = YES;
				CLANG_ANALYZER_NUMBER_OBJECT_CONVERSION = YES_AGGRESSIVE;
				CLANG_CXX_LANGUAGE_STANDARD = "gnu++20";
				CLANG_ENABLE_MODULES = YES;
				CLANG_ENABLE_OBJC_ARC = YES;
				CLANG_ENABLE_OBJC_WEAK = YES;
				CLANG_WARN_BLOCK_CAPTURE_AUTORELEASING = YES;
				CLANG_WARN_BOOL_CONVERSION = YES;
				CLANG_WARN_COMMA = YES;
				CLANG_WARN_CONSTANT_CONVERSION = YES;
				CLANG_WARN_DEPRECATED_OBJC_IMPLEMENTATIONS = YES;
				CLANG_WARN_DIRECT_OBJC_ISA_USAGE = YES_ERROR;
				CLANG_WARN_DOCUMENTATION_COMMENTS = YES;
				CLANG_WARN_EMPTY_BODY = YES;
				CLANG_WARN_ENUM_CONVERSION = YES;
				CLANG_WARN_INFINITE_RECURSION = YES;
				CLANG_WARN_INT_CONVERSION = YES;
				CLANG_WARN_NON_LITERAL_NULL_CONVERSION = YES;
				CLANG_WARN_OBJC_IMPLICIT_RETAIN_SELF = YES;
				CLANG_WARN_OBJC_LITERAL_CONVERSION = YES;
				CLANG_WARN_OBJC_ROOT_CLASS = YES_ERROR;
				CLANG_WARN_QUOTED_INCLUDE_IN_FRAMEWORK_HEADER = YES;
				CLANG_WARN_RANGE_LOOP_ANALYSIS = YES;
				CLANG_WARN_STRICT_PROTOTYPES = YES;
				CLANG_WARN_SUSPICIOUS_MOVE = YES;
				CLANG_WARN_UNGUARDED_AVAILABILITY = YES_AGGRESSIVE;
				CLANG_WARN_UNREACHABLE_CODE = YES;
				CLANG_WARN__DUPLICATE_METHOD_MATCH = YES;
				COPY_PHASE_STRIP = NO;
				DEAD_CODE_STRIPPING = YES;
				DEBUG_INFORMATION_FORMAT = dwarf;
				ENABLE_STRICT_OBJC_MSGSEND = YES;
				ENABLE_TESTABILITY = YES;
				GCC_C_LANGUAGE_STANDARD = gnu11;
				GCC_DYNAMIC_NO_PIC = NO;
				GCC_NO_COMMON_BLOCKS = YES;
				GCC_OPTIMIZATION_LEVEL = 0;
				GCC_PREPROCESSOR_DEFINITIONS = (
					"DEBUG=1",
					"$(inherited)",
				);
				GCC_WARN_64_TO_32_BIT_CONVERSION = YES;
				GCC_WARN_ABOUT_RETURN_TYPE = YES_ERROR;
				GCC_WARN_UNDECLARED_SELECTOR = YES;
				GCC_WARN_UNINITIALIZED_AUTOS = YES_AGGRESSIVE;
				GCC_WARN_UNUSED_FUNCTION = YES;
				GCC_WARN_UNUSED_VARIABLE = YES;
				LD_RUNPATH_SEARCH_PATHS = "@loader_path/../Frameworks";
				MACOSX_DEPLOYMENT_TARGET = 11.0;
				MTL_ENABLE_DEBUG_INFO = INCLUDE_SOURCE;
				MTL_FAST_MATH = YES;
				ONLY_ACTIVE_ARCH = YES;
				SDKROOT = macosx;
				SWIFT_ACTIVE_COMPILATION_CONDITIONS = DEBUG;
				SWIFT_OPTIMIZATION_LEVEL = "-Onone";
			};
			name = Debug;
		};
		766BD23E2981628C0042261B /* Release */ = {
			isa = XCBuildConfiguration;
			buildSettings = {
				ALWAYS_SEARCH_USER_PATHS = NO;
				CLANG_ANALYZER_NONNULL = YES;
				CLANG_ANALYZER_NUMBER_OBJECT_CONVERSION = YES_AGGRESSIVE;
				CLANG_CXX_LANGUAGE_STANDARD = "gnu++20";
				CLANG_ENABLE_MODULES = YES;
				CLANG_ENABLE_OBJC_ARC = YES;
				CLANG_ENABLE_OBJC_WEAK = YES;
				CLANG_WARN_BLOCK_CAPTURE_AUTORELEASING = YES;
				CLANG_WARN_BOOL_CONVERSION = YES;
				CLANG_WARN_COMMA = YES;
				CLANG_WARN_CONSTANT_CONVERSION = YES;
				CLANG_WARN_DEPRECATED_OBJC_IMPLEMENTATIONS = YES;
				CLANG_WARN_DIRECT_OBJC_ISA_USAGE = YES_ERROR;
				CLANG_WARN_DOCUMENTATION_COMMENTS = YES;
				CLANG_WARN_EMPTY_BODY = YES;
				CLANG_WARN_ENUM_CONVERSION = YES;
				CLANG_WARN_INFINITE_RECURSION = YES;
				CLANG_WARN_INT_CONVERSION = YES;
				CLANG_WARN_NON_LITERAL_NULL_CONVERSION = YES;
				CLANG_WARN_OBJC_IMPLICIT_RETAIN_SELF = YES;
				CLANG_WARN_OBJC_LITERAL_CONVERSION = YES;
				CLANG_WARN_OBJC_ROOT_CLASS = YES_ERROR;
				CLANG_WARN_QUOTED_INCLUDE_IN_FRAMEWORK_HEADER = YES;
				CLANG_WARN_RANGE_LOOP_ANALYSIS = YES;
				CLANG_WARN_STRICT_PROTOTYPES = YES;
				CLANG_WARN_SUSPICIOUS_MOVE = YES;
				CLANG_WARN_UNGUARDED_AVAILABILITY = YES_AGGRESSIVE;
				CLANG_WARN_UNREACHABLE_CODE = YES;
				CLANG_WARN__DUPLICATE_METHOD_MATCH = YES;
				COPY_PHASE_STRIP = NO;
				DEAD_CODE_STRIPPING = YES;
				DEBUG_INFORMATION_FORMAT = "dwarf-with-dsym";
				ENABLE_NS_ASSERTIONS = NO;
				ENABLE_STRICT_OBJC_MSGSEND = YES;
				GCC_C_LANGUAGE_STANDARD = gnu11;
				GCC_NO_COMMON_BLOCKS = YES;
				GCC_WARN_64_TO_32_BIT_CONVERSION = YES;
				GCC_WARN_ABOUT_RETURN_TYPE = YES_ERROR;
				GCC_WARN_UNDECLARED_SELECTOR = YES;
				GCC_WARN_UNINITIALIZED_AUTOS = YES_AGGRESSIVE;
				GCC_WARN_UNUSED_FUNCTION = YES;
				GCC_WARN_UNUSED_VARIABLE = YES;
				LD_RUNPATH_SEARCH_PATHS = "@loader_path/../Frameworks";
				MACOSX_DEPLOYMENT_TARGET = 11.0;
				MTL_ENABLE_DEBUG_INFO = NO;
				MTL_FAST_MATH = YES;
				SDKROOT = macosx;
				SWIFT_COMPILATION_MODE = wholemodule;
				SWIFT_OPTIMIZATION_LEVEL = "-O";
			};
			name = Release;
		};
		766BD2402981628C0042261B /* Debug */ = {
			isa = XCBuildConfiguration;
			buildSettings = {
				ASSETCATALOG_COMPILER_APPICON_NAME = AppIcon;
				ASSETCATALOG_COMPILER_GLOBAL_ACCENT_COLOR_NAME = AccentColor;
				CODE_SIGN_ENTITLEMENTS = MiniSim/MiniSim.entitlements;
				CODE_SIGN_IDENTITY = "-";
				"CODE_SIGN_IDENTITY[sdk=macosx*]" = "Apple Development";
				CODE_SIGN_STYLE = Automatic;
				COMBINE_HIDPI_IMAGES = YES;
				CURRENT_PROJECT_VERSION = 1;
				DEAD_CODE_STRIPPING = YES;
				DEVELOPMENT_ASSET_PATHS = "\"MiniSim/Preview Content\"";
				DEVELOPMENT_TEAM = Z3M9P6G4WY;
				ENABLE_HARDENED_RUNTIME = YES;
				ENABLE_PREVIEWS = YES;
				GENERATE_INFOPLIST_FILE = YES;
				INFOPLIST_FILE = MiniSim/Info.plist;
				INFOPLIST_KEY_CFBundleDisplayName = MiniSim;
				INFOPLIST_KEY_LSApplicationCategoryType = "public.app-category.developer-tools";
				INFOPLIST_KEY_LSUIElement = YES;
				INFOPLIST_KEY_NSHumanReadableCopyright = "";
				LD_RUNPATH_SEARCH_PATHS = (
					"$(inherited)",
					"@executable_path/../Frameworks",
					"@loader_path/../Frameworks",
				);
				MACOSX_DEPLOYMENT_TARGET = 11.0;
				MARKETING_VERSION = 0.4.0;
				PRODUCT_BUNDLE_IDENTIFIER = com.oskarkwasniewski.MiniSim;
				PRODUCT_NAME = "$(TARGET_NAME)";
				SWIFT_EMIT_LOC_STRINGS = YES;
				SWIFT_VERSION = 5.0;
			};
			name = Debug;
		};
		766BD2412981628C0042261B /* Release */ = {
			isa = XCBuildConfiguration;
			buildSettings = {
				ASSETCATALOG_COMPILER_APPICON_NAME = AppIcon;
				ASSETCATALOG_COMPILER_GLOBAL_ACCENT_COLOR_NAME = AccentColor;
				CODE_SIGN_ENTITLEMENTS = MiniSim/MiniSimRelease.entitlements;
				CODE_SIGN_IDENTITY = "Apple Development";
				"CODE_SIGN_IDENTITY[sdk=macosx*]" = "-";
				CODE_SIGN_STYLE = Automatic;
				COMBINE_HIDPI_IMAGES = YES;
				CURRENT_PROJECT_VERSION = 1;
				DEAD_CODE_STRIPPING = YES;
				DEVELOPMENT_ASSET_PATHS = "\"MiniSim/Preview Content\"";
				DEVELOPMENT_TEAM = Z3M9P6G4WY;
				ENABLE_HARDENED_RUNTIME = YES;
				ENABLE_PREVIEWS = YES;
				GENERATE_INFOPLIST_FILE = YES;
				INFOPLIST_FILE = MiniSim/Info.plist;
				INFOPLIST_KEY_CFBundleDisplayName = MiniSim;
				INFOPLIST_KEY_LSApplicationCategoryType = "public.app-category.developer-tools";
				INFOPLIST_KEY_LSUIElement = YES;
				INFOPLIST_KEY_NSHumanReadableCopyright = "";
				LD_RUNPATH_SEARCH_PATHS = (
					"$(inherited)",
					"@executable_path/../Frameworks",
					"@loader_path/../Frameworks",
				);
				MACOSX_DEPLOYMENT_TARGET = 11.0;
				MARKETING_VERSION = 0.4.0;
				PRODUCT_BUNDLE_IDENTIFIER = com.oskarkwasniewski.MiniSim;
				PRODUCT_NAME = "$(TARGET_NAME)";
				PROVISIONING_PROFILE_SPECIFIER = "";
				SWIFT_EMIT_LOC_STRINGS = YES;
				SWIFT_VERSION = 5.0;
			};
			name = Release;
		};
/* End XCBuildConfiguration section */

/* Begin XCConfigurationList section */
		766BD22B2981628A0042261B /* Build configuration list for PBXProject "MiniSim" */ = {
			isa = XCConfigurationList;
			buildConfigurations = (
				766BD23D2981628C0042261B /* Debug */,
				766BD23E2981628C0042261B /* Release */,
			);
			defaultConfigurationIsVisible = 0;
			defaultConfigurationName = Release;
		};
		766BD23F2981628C0042261B /* Build configuration list for PBXNativeTarget "MiniSim" */ = {
			isa = XCConfigurationList;
			buildConfigurations = (
				766BD2402981628C0042261B /* Debug */,
				766BD2412981628C0042261B /* Release */,
			);
			defaultConfigurationIsVisible = 0;
			defaultConfigurationName = Release;
		};
/* End XCConfigurationList section */

/* Begin XCRemoteSwiftPackageReference section */
		7630B25F29853EF400D8B57D /* XCRemoteSwiftPackageReference "Preferences" */ = {
			isa = XCRemoteSwiftPackageReference;
			repositoryURL = "https://github.com/sindresorhus/Preferences";
			requirement = {
				branch = main;
				kind = branch;
			};
		};
		7630B2692986B4D500D8B57D /* XCRemoteSwiftPackageReference "KeyboardShortcuts" */ = {
			isa = XCRemoteSwiftPackageReference;
			repositoryURL = "https://github.com/sindresorhus/KeyboardShortcuts";
			requirement = {
				branch = main;
				kind = branch;
			};
		};
		7630B26E2986C0F200D8B57D /* XCRemoteSwiftPackageReference "LaunchAtLogin" */ = {
			isa = XCRemoteSwiftPackageReference;
			repositoryURL = "https://github.com/sindresorhus/LaunchAtLogin";
			requirement = {
				branch = main;
				kind = branch;
			};
		};
		768F8EC629954C8A00DFBCDB /* XCRemoteSwiftPackageReference "Sparkle" */ = {
			isa = XCRemoteSwiftPackageReference;
			repositoryURL = "https://github.com/sparkle-project/Sparkle";
			requirement = {
				kind = upToNextMajorVersion;
				minimumVersion = 2.0.0;
			};
		};
		76F04A12298A62CF00BF9CA3 /* XCRemoteSwiftPackageReference "ShellOut" */ = {
			isa = XCRemoteSwiftPackageReference;
			repositoryURL = "https://github.com/JohnSundell/ShellOut.git";
			requirement = {
				kind = upToNextMajorVersion;
				minimumVersion = 2.0.0;
			};
		};
/* End XCRemoteSwiftPackageReference section */

/* Begin XCSwiftPackageProductDependency section */
		7630B26029853EF400D8B57D /* Preferences */ = {
			isa = XCSwiftPackageProductDependency;
			package = 7630B25F29853EF400D8B57D /* XCRemoteSwiftPackageReference "Preferences" */;
			productName = Preferences;
		};
		7630B26A2986B4D500D8B57D /* KeyboardShortcuts */ = {
			isa = XCSwiftPackageProductDependency;
			package = 7630B2692986B4D500D8B57D /* XCRemoteSwiftPackageReference "KeyboardShortcuts" */;
			productName = KeyboardShortcuts;
		};
		7630B26F2986C0F200D8B57D /* LaunchAtLogin */ = {
			isa = XCSwiftPackageProductDependency;
			package = 7630B26E2986C0F200D8B57D /* XCRemoteSwiftPackageReference "LaunchAtLogin" */;
			productName = LaunchAtLogin;
		};
		768F8EC729954C8A00DFBCDB /* Sparkle */ = {
			isa = XCSwiftPackageProductDependency;
			package = 768F8EC629954C8A00DFBCDB /* XCRemoteSwiftPackageReference "Sparkle" */;
			productName = Sparkle;
		};
		76F04A13298A62CF00BF9CA3 /* ShellOut */ = {
			isa = XCSwiftPackageProductDependency;
			package = 76F04A12298A62CF00BF9CA3 /* XCRemoteSwiftPackageReference "ShellOut" */;
			productName = ShellOut;
		};
/* End XCSwiftPackageProductDependency section */
	};
	rootObject = 766BD2282981628A0042261B /* Project object */;
}
